// !$*UTF8*$!
{
	archiveVersion = 1;
	classes = {
	};
	objectVersion = 46;
	objects = {

/* Begin PBXBuildFile section */
		501EC00B14F0555F0046D0A9 /* Categories.plist in Resources */ = {isa = PBXBuildFile; fileRef = 501EC00914F0555F0046D0A9 /* Categories.plist */; };
		501EC00F14F0572D0046D0A9 /* FiveHundredPxExtraMetadata.m in Sources */ = {isa = PBXBuildFile; fileRef = 501EC00E14F0572D0046D0A9 /* FiveHundredPxExtraMetadata.m */; };
		501EC01114F05E7F0046D0A9 /* Quartz.framework in Frameworks */ = {isa = PBXBuildFile; fileRef = 501EC01014F05E7F0046D0A9 /* Quartz.framework */; };
		503FCF8D150CFC05005D93AC /* Warning.icns in Resources */ = {isa = PBXBuildFile; fileRef = 503FCF8C150CFC05005D93AC /* Warning.icns */; };
		503FCF93150D088F005D93AC /* log_chunk.html in Resources */ = {isa = PBXBuildFile; fileRef = 503FCF8F150D088F005D93AC /* log_chunk.html */; };
		503FCF94150D088F005D93AC /* log_template.html in Resources */ = {isa = PBXBuildFile; fileRef = 503FCF91150D088F005D93AC /* log_template.html */; };
		503FCF97150D08C3005D93AC /* FiveHundredPxExportLogger.m in Sources */ = {isa = PBXBuildFile; fileRef = 503FCF96150D08C3005D93AC /* FiveHundredPxExportLogger.m */; };
		5044FE7414EFD0080015F359 /* FiveHundredPxViewController.xib in Resources */ = {isa = PBXBuildFile; fileRef = 5044FE7214EFD0080015F359 /* FiveHundredPxViewController.xib */; };
		5044FE8E14EFD1380015F359 /* CDataScanner.m in Sources */ = {isa = PBXBuildFile; fileRef = 5044FE7914EFD1380015F359 /* CDataScanner.m */; };
		5044FE8F14EFD1380015F359 /* CFilteringJSONSerializer.m in Sources */ = {isa = PBXBuildFile; fileRef = 5044FE7C14EFD1380015F359 /* CFilteringJSONSerializer.m */; };
		5044FE9014EFD1380015F359 /* CJSONSerialization.m in Sources */ = {isa = PBXBuildFile; fileRef = 5044FE7E14EFD1380015F359 /* CJSONSerialization.m */; };
		5044FE9114EFD1380015F359 /* CJSONSerializedData.m in Sources */ = {isa = PBXBuildFile; fileRef = 5044FE8014EFD1380015F359 /* CJSONSerializedData.m */; };
		5044FE9214EFD1380015F359 /* CDataScanner_Extensions.m in Sources */ = {isa = PBXBuildFile; fileRef = 5044FE8314EFD1380015F359 /* CDataScanner_Extensions.m */; };
		5044FE9314EFD1380015F359 /* NSDictionary_JSONExtensions.m in Sources */ = {isa = PBXBuildFile; fileRef = 5044FE8514EFD1380015F359 /* NSDictionary_JSONExtensions.m */; };
		5044FE9414EFD1380015F359 /* CJSONDeserializer.m in Sources */ = {isa = PBXBuildFile; fileRef = 5044FE8814EFD1380015F359 /* CJSONDeserializer.m */; };
		5044FE9514EFD1380015F359 /* CJSONScanner.m in Sources */ = {isa = PBXBuildFile; fileRef = 5044FE8A14EFD1380015F359 /* CJSONScanner.m */; };
		5044FE9614EFD1380015F359 /* CJSONSerializer.m in Sources */ = {isa = PBXBuildFile; fileRef = 5044FE8C14EFD1380015F359 /* CJSONSerializer.m */; };
		5044FEBD14EFD3BD0015F359 /* RSOAuthEngine.m in Sources */ = {isa = PBXBuildFile; fileRef = 5044FEBC14EFD3BD0015F359 /* RSOAuthEngine.m */; };
		5044FED414EFD3C60015F359 /* NSAlert+MKNetworkKitAdditions.m in Sources */ = {isa = PBXBuildFile; fileRef = 5044FEC114EFD3C60015F359 /* NSAlert+MKNetworkKitAdditions.m */; };
		5044FED514EFD3C60015F359 /* NSData+Base64.m in Sources */ = {isa = PBXBuildFile; fileRef = 5044FEC314EFD3C60015F359 /* NSData+Base64.m */; };
		5044FED614EFD3C60015F359 /* NSDate+RFC1123.m in Sources */ = {isa = PBXBuildFile; fileRef = 5044FEC514EFD3C60015F359 /* NSDate+RFC1123.m */; };
		5044FED714EFD3C60015F359 /* NSDictionary+RequestEncoding.m in Sources */ = {isa = PBXBuildFile; fileRef = 5044FEC714EFD3C60015F359 /* NSDictionary+RequestEncoding.m */; };
		5044FED814EFD3C60015F359 /* NSString+MKNetworkKitAdditions.m in Sources */ = {isa = PBXBuildFile; fileRef = 5044FEC914EFD3C60015F359 /* NSString+MKNetworkKitAdditions.m */; };
		5044FED914EFD3C60015F359 /* UIAlertView+MKNetworkKitAdditions.m in Sources */ = {isa = PBXBuildFile; fileRef = 5044FECB14EFD3C60015F359 /* UIAlertView+MKNetworkKitAdditions.m */; };
		5044FEDA14EFD3C60015F359 /* MKNetworkEngine.m in Sources */ = {isa = PBXBuildFile; fileRef = 5044FECD14EFD3C60015F359 /* MKNetworkEngine.m */; };
		5044FEDB14EFD3C60015F359 /* MKNetworkOperation.m in Sources */ = {isa = PBXBuildFile; fileRef = 5044FED014EFD3C60015F359 /* MKNetworkOperation.m */; };
		5044FEDC14EFD3C60015F359 /* Reachability.m in Sources */ = {isa = PBXBuildFile; fileRef = 5044FED314EFD3C60015F359 /* Reachability.m */; };
		5044FEDE14EFD4910015F359 /* Security.framework in Frameworks */ = {isa = PBXBuildFile; fileRef = 5044FEDD14EFD4910015F359 /* Security.framework */; };
		5044FEE014EFD4970015F359 /* SystemConfiguration.framework in Frameworks */ = {isa = PBXBuildFile; fileRef = 5044FEDF14EFD4970015F359 /* SystemConfiguration.framework */; };
		5044FEE314EFD6D30015F359 /* FiveHundredPxOAuthEngine.m in Sources */ = {isa = PBXBuildFile; fileRef = 5044FEE214EFD6D30015F359 /* FiveHundredPxOAuthEngine.m */; };
		50774A07150C040D00B81672 /* FiveHundredPxViewController.m in Sources */ = {isa = PBXBuildFile; fileRef = 50774A06150C040D00B81672 /* FiveHundredPxViewController.m */; };
		508014E9150B6B3400B2457E /* FiveHundredpxApertureExporter.icns in Resources */ = {isa = PBXBuildFile; fileRef = 508014E8150B6B3400B2457E /* FiveHundredpxApertureExporter.icns */; };
		508014F0150B708700B2457E /* Cocoa.framework in Frameworks */ = {isa = PBXBuildFile; fileRef = 50AAF3A414EEC0F8009F3BFE /* Cocoa.framework */; };
		508014FD150B710100B2457E /* FiveHundredPx32BitDummyExporter.m in Sources */ = {isa = PBXBuildFile; fileRef = 508014FC150B710100B2457E /* FiveHundredPx32BitDummyExporter.m */; };
		5089C33F150AC40D002CA4A1 /* Localizable.strings in Resources */ = {isa = PBXBuildFile; fileRef = 5089C33D150AC40D002CA4A1 /* Localizable.strings */; };
		5089C342150AC87A002CA4A1 /* PluginManager.framework in Frameworks */ = {isa = PBXBuildFile; fileRef = 5089C341150AC87A002CA4A1 /* PluginManager.framework */; };
		50AAF3A514EEC0F8009F3BFE /* Cocoa.framework in Frameworks */ = {isa = PBXBuildFile; fileRef = 50AAF3A414EEC0F8009F3BFE /* Cocoa.framework */; };
		50AAF3AF14EEC0F8009F3BFE /* InfoPlist.strings in Resources */ = {isa = PBXBuildFile; fileRef = 50AAF3AD14EEC0F8009F3BFE /* InfoPlist.strings */; };
		50AAF3BE14EEC1B0009F3BFE /* FiveHundredPxApertureExporter.m in Sources */ = {isa = PBXBuildFile; fileRef = 50AAF3BD14EEC1B0009F3BFE /* FiveHundredPxApertureExporter.m */; };
		50CD016714F0733B004C2B5B /* OAuthKeys.c in Sources */ = {isa = PBXBuildFile; fileRef = 50CD016614F0733B004C2B5B /* OAuthKeys.c */; };
		50E7F9BB14F414DF00E666D8 /* Credits.rtf in Resources */ = {isa = PBXBuildFile; fileRef = 50E7F9B914F414DF00E666D8 /* Credits.rtf */; };
		50E7FA3814F42E0700E666D8 /* DKBasicUpdateChecker.m in Sources */ = {isa = PBXBuildFile; fileRef = 50E7FA3714F42E0700E666D8 /* DKBasicUpdateChecker.m */; };
		5EDED56414F1CCAB0066D555 /* Growl.framework in Frameworks */ = {isa = PBXBuildFile; fileRef = 5EDED56314F1CCAB0066D555 /* Growl.framework */; };
		5EDED56614F1CCBA0066D555 /* Growl.framework in CopyFiles */ = {isa = PBXBuildFile; fileRef = 5EDED56314F1CCAB0066D555 /* Growl.framework */; };
/* End PBXBuildFile section */

/* Begin PBXContainerItemProxy section */
		508014FE150B743A00B2457E /* PBXContainerItemProxy */ = {
			isa = PBXContainerItemProxy;
			containerPortal = 50AAF39814EEC0F8009F3BFE /* Project object */;
			proxyType = 1;
			remoteGlobalIDString = 508014EE150B708700B2457E;
			remoteInfo = "32-Bit Dummy";
		};
/* End PBXContainerItemProxy section */

/* Begin PBXCopyFilesBuildPhase section */
		5EDED56514F1CCB30066D555 /* CopyFiles */ = {
			isa = PBXCopyFilesBuildPhase;
			buildActionMask = 2147483647;
			dstPath = "";
			dstSubfolderSpec = 10;
			files = (
				5EDED56614F1CCBA0066D555 /* Growl.framework in CopyFiles */,
			);
			runOnlyForDeploymentPostprocessing = 0;
		};
/* End PBXCopyFilesBuildPhase section */

/* Begin PBXFileReference section */
		501EC00A14F0555F0046D0A9 /* en */ = {isa = PBXFileReference; lastKnownFileType = text.plist.xml; name = en; path = en.lproj/Categories.plist; sourceTree = "<group>"; };
		501EC00D14F0572D0046D0A9 /* FiveHundredPxExtraMetadata.h */ = {isa = PBXFileReference; fileEncoding = 4; lastKnownFileType = sourcecode.c.h; path = FiveHundredPxExtraMetadata.h; sourceTree = "<group>"; };
		501EC00E14F0572D0046D0A9 /* FiveHundredPxExtraMetadata.m */ = {isa = PBXFileReference; fileEncoding = 4; lastKnownFileType = sourcecode.c.objc; path = FiveHundredPxExtraMetadata.m; sourceTree = "<group>"; };
		501EC01014F05E7F0046D0A9 /* Quartz.framework */ = {isa = PBXFileReference; lastKnownFileType = wrapper.framework; name = Quartz.framework; path = System/Library/Frameworks/Quartz.framework; sourceTree = SDKROOT; };
		503FCF8C150CFC05005D93AC /* Warning.icns */ = {isa = PBXFileReference; lastKnownFileType = image.icns; name = Warning.icns; path = Graphics/Warning.icns; sourceTree = SOURCE_ROOT; };
		503FCF90150D088F005D93AC /* en */ = {isa = PBXFileReference; lastKnownFileType = text.html; name = en; path = en.lproj/log_chunk.html; sourceTree = "<group>"; };
		503FCF92150D088F005D93AC /* en */ = {isa = PBXFileReference; lastKnownFileType = text.html; name = en; path = en.lproj/log_template.html; sourceTree = "<group>"; };
		503FCF95150D08C3005D93AC /* FiveHundredPxExportLogger.h */ = {isa = PBXFileReference; fileEncoding = 4; lastKnownFileType = sourcecode.c.h; path = FiveHundredPxExportLogger.h; sourceTree = "<group>"; };
		503FCF96150D08C3005D93AC /* FiveHundredPxExportLogger.m */ = {isa = PBXFileReference; fileEncoding = 4; lastKnownFileType = sourcecode.c.objc; path = FiveHundredPxExportLogger.m; sourceTree = "<group>"; };
		5044FE7314EFD0080015F359 /* en */ = {isa = PBXFileReference; lastKnownFileType = file.xib; name = en; path = en.lproj/FiveHundredPxViewController.xib; sourceTree = "<group>"; };
		5044FE7814EFD1380015F359 /* CDataScanner.h */ = {isa = PBXFileReference; fileEncoding = 4; lastKnownFileType = sourcecode.c.h; path = CDataScanner.h; sourceTree = "<group>"; };
		5044FE7914EFD1380015F359 /* CDataScanner.m */ = {isa = PBXFileReference; fileEncoding = 4; lastKnownFileType = sourcecode.c.objc; path = CDataScanner.m; sourceTree = "<group>"; };
		5044FE7B14EFD1380015F359 /* CFilteringJSONSerializer.h */ = {isa = PBXFileReference; fileEncoding = 4; lastKnownFileType = sourcecode.c.h; path = CFilteringJSONSerializer.h; sourceTree = "<group>"; };
		5044FE7C14EFD1380015F359 /* CFilteringJSONSerializer.m */ = {isa = PBXFileReference; fileEncoding = 4; lastKnownFileType = sourcecode.c.objc; path = CFilteringJSONSerializer.m; sourceTree = "<group>"; };
		5044FE7D14EFD1380015F359 /* CJSONSerialization.h */ = {isa = PBXFileReference; fileEncoding = 4; lastKnownFileType = sourcecode.c.h; path = CJSONSerialization.h; sourceTree = "<group>"; };
		5044FE7E14EFD1380015F359 /* CJSONSerialization.m */ = {isa = PBXFileReference; fileEncoding = 4; lastKnownFileType = sourcecode.c.objc; path = CJSONSerialization.m; sourceTree = "<group>"; };
		5044FE7F14EFD1380015F359 /* CJSONSerializedData.h */ = {isa = PBXFileReference; fileEncoding = 4; lastKnownFileType = sourcecode.c.h; path = CJSONSerializedData.h; sourceTree = "<group>"; };
		5044FE8014EFD1380015F359 /* CJSONSerializedData.m */ = {isa = PBXFileReference; fileEncoding = 4; lastKnownFileType = sourcecode.c.objc; path = CJSONSerializedData.m; sourceTree = "<group>"; };
		5044FE8214EFD1380015F359 /* CDataScanner_Extensions.h */ = {isa = PBXFileReference; fileEncoding = 4; lastKnownFileType = sourcecode.c.h; path = CDataScanner_Extensions.h; sourceTree = "<group>"; };
		5044FE8314EFD1380015F359 /* CDataScanner_Extensions.m */ = {isa = PBXFileReference; fileEncoding = 4; lastKnownFileType = sourcecode.c.objc; path = CDataScanner_Extensions.m; sourceTree = "<group>"; };
		5044FE8414EFD1380015F359 /* NSDictionary_JSONExtensions.h */ = {isa = PBXFileReference; fileEncoding = 4; lastKnownFileType = sourcecode.c.h; path = NSDictionary_JSONExtensions.h; sourceTree = "<group>"; };
		5044FE8514EFD1380015F359 /* NSDictionary_JSONExtensions.m */ = {isa = PBXFileReference; fileEncoding = 4; lastKnownFileType = sourcecode.c.objc; path = NSDictionary_JSONExtensions.m; sourceTree = "<group>"; };
		5044FE8714EFD1380015F359 /* CJSONDeserializer.h */ = {isa = PBXFileReference; fileEncoding = 4; lastKnownFileType = sourcecode.c.h; path = CJSONDeserializer.h; sourceTree = "<group>"; };
		5044FE8814EFD1380015F359 /* CJSONDeserializer.m */ = {isa = PBXFileReference; fileEncoding = 4; lastKnownFileType = sourcecode.c.objc; path = CJSONDeserializer.m; sourceTree = "<group>"; };
		5044FE8914EFD1380015F359 /* CJSONScanner.h */ = {isa = PBXFileReference; fileEncoding = 4; lastKnownFileType = sourcecode.c.h; path = CJSONScanner.h; sourceTree = "<group>"; };
		5044FE8A14EFD1380015F359 /* CJSONScanner.m */ = {isa = PBXFileReference; fileEncoding = 4; lastKnownFileType = sourcecode.c.objc; path = CJSONScanner.m; sourceTree = "<group>"; };
		5044FE8B14EFD1380015F359 /* CJSONSerializer.h */ = {isa = PBXFileReference; fileEncoding = 4; lastKnownFileType = sourcecode.c.h; path = CJSONSerializer.h; sourceTree = "<group>"; };
		5044FE8C14EFD1380015F359 /* CJSONSerializer.m */ = {isa = PBXFileReference; fileEncoding = 4; lastKnownFileType = sourcecode.c.objc; path = CJSONSerializer.m; sourceTree = "<group>"; };
		5044FE8D14EFD1380015F359 /* JSONRepresentation.h */ = {isa = PBXFileReference; fileEncoding = 4; lastKnownFileType = sourcecode.c.h; path = JSONRepresentation.h; sourceTree = "<group>"; };
		5044FEBB14EFD3BD0015F359 /* RSOAuthEngine.h */ = {isa = PBXFileReference; fileEncoding = 4; lastKnownFileType = sourcecode.c.h; path = RSOAuthEngine.h; sourceTree = "<group>"; };
		5044FEBC14EFD3BD0015F359 /* RSOAuthEngine.m */ = {isa = PBXFileReference; fileEncoding = 4; lastKnownFileType = sourcecode.c.objc; path = RSOAuthEngine.m; sourceTree = "<group>"; };
		5044FEC014EFD3C60015F359 /* NSAlert+MKNetworkKitAdditions.h */ = {isa = PBXFileReference; fileEncoding = 4; lastKnownFileType = sourcecode.c.h; path = "NSAlert+MKNetworkKitAdditions.h"; sourceTree = "<group>"; };
		5044FEC114EFD3C60015F359 /* NSAlert+MKNetworkKitAdditions.m */ = {isa = PBXFileReference; fileEncoding = 4; lastKnownFileType = sourcecode.c.objc; path = "NSAlert+MKNetworkKitAdditions.m"; sourceTree = "<group>"; };
		5044FEC214EFD3C60015F359 /* NSData+Base64.h */ = {isa = PBXFileReference; fileEncoding = 4; lastKnownFileType = sourcecode.c.h; path = "NSData+Base64.h"; sourceTree = "<group>"; };
		5044FEC314EFD3C60015F359 /* NSData+Base64.m */ = {isa = PBXFileReference; fileEncoding = 4; lastKnownFileType = sourcecode.c.objc; path = "NSData+Base64.m"; sourceTree = "<group>"; };
		5044FEC414EFD3C60015F359 /* NSDate+RFC1123.h */ = {isa = PBXFileReference; fileEncoding = 4; lastKnownFileType = sourcecode.c.h; path = "NSDate+RFC1123.h"; sourceTree = "<group>"; };
		5044FEC514EFD3C60015F359 /* NSDate+RFC1123.m */ = {isa = PBXFileReference; fileEncoding = 4; lastKnownFileType = sourcecode.c.objc; path = "NSDate+RFC1123.m"; sourceTree = "<group>"; };
		5044FEC614EFD3C60015F359 /* NSDictionary+RequestEncoding.h */ = {isa = PBXFileReference; fileEncoding = 4; lastKnownFileType = sourcecode.c.h; path = "NSDictionary+RequestEncoding.h"; sourceTree = "<group>"; };
		5044FEC714EFD3C60015F359 /* NSDictionary+RequestEncoding.m */ = {isa = PBXFileReference; fileEncoding = 4; lastKnownFileType = sourcecode.c.objc; path = "NSDictionary+RequestEncoding.m"; sourceTree = "<group>"; };
		5044FEC814EFD3C60015F359 /* NSString+MKNetworkKitAdditions.h */ = {isa = PBXFileReference; fileEncoding = 4; lastKnownFileType = sourcecode.c.h; path = "NSString+MKNetworkKitAdditions.h"; sourceTree = "<group>"; };
		5044FEC914EFD3C60015F359 /* NSString+MKNetworkKitAdditions.m */ = {isa = PBXFileReference; fileEncoding = 4; lastKnownFileType = sourcecode.c.objc; path = "NSString+MKNetworkKitAdditions.m"; sourceTree = "<group>"; };
		5044FECA14EFD3C60015F359 /* UIAlertView+MKNetworkKitAdditions.h */ = {isa = PBXFileReference; fileEncoding = 4; lastKnownFileType = sourcecode.c.h; path = "UIAlertView+MKNetworkKitAdditions.h"; sourceTree = "<group>"; };
		5044FECB14EFD3C60015F359 /* UIAlertView+MKNetworkKitAdditions.m */ = {isa = PBXFileReference; fileEncoding = 4; lastKnownFileType = sourcecode.c.objc; path = "UIAlertView+MKNetworkKitAdditions.m"; sourceTree = "<group>"; };
		5044FECC14EFD3C60015F359 /* MKNetworkEngine.h */ = {isa = PBXFileReference; fileEncoding = 4; lastKnownFileType = sourcecode.c.h; path = MKNetworkEngine.h; sourceTree = "<group>"; };
		5044FECD14EFD3C60015F359 /* MKNetworkEngine.m */ = {isa = PBXFileReference; fileEncoding = 4; lastKnownFileType = sourcecode.c.objc; path = MKNetworkEngine.m; sourceTree = "<group>"; };
		5044FECE14EFD3C60015F359 /* MKNetworkKit.h */ = {isa = PBXFileReference; fileEncoding = 4; lastKnownFileType = sourcecode.c.h; path = MKNetworkKit.h; sourceTree = "<group>"; };
		5044FECF14EFD3C60015F359 /* MKNetworkOperation.h */ = {isa = PBXFileReference; fileEncoding = 4; lastKnownFileType = sourcecode.c.h; path = MKNetworkOperation.h; sourceTree = "<group>"; };
		5044FED014EFD3C60015F359 /* MKNetworkOperation.m */ = {isa = PBXFileReference; fileEncoding = 4; lastKnownFileType = sourcecode.c.objc; path = MKNetworkOperation.m; sourceTree = "<group>"; };
		5044FED214EFD3C60015F359 /* Reachability.h */ = {isa = PBXFileReference; fileEncoding = 4; lastKnownFileType = sourcecode.c.h; path = Reachability.h; sourceTree = "<group>"; };
		5044FED314EFD3C60015F359 /* Reachability.m */ = {isa = PBXFileReference; fileEncoding = 4; lastKnownFileType = sourcecode.c.objc; path = Reachability.m; sourceTree = "<group>"; };
		5044FEDD14EFD4910015F359 /* Security.framework */ = {isa = PBXFileReference; lastKnownFileType = wrapper.framework; name = Security.framework; path = System/Library/Frameworks/Security.framework; sourceTree = SDKROOT; };
		5044FEDF14EFD4970015F359 /* SystemConfiguration.framework */ = {isa = PBXFileReference; lastKnownFileType = wrapper.framework; name = SystemConfiguration.framework; path = System/Library/Frameworks/SystemConfiguration.framework; sourceTree = SDKROOT; };
		5044FEE114EFD6D30015F359 /* FiveHundredPxOAuthEngine.h */ = {isa = PBXFileReference; fileEncoding = 4; lastKnownFileType = sourcecode.c.h; path = FiveHundredPxOAuthEngine.h; sourceTree = "<group>"; };
		5044FEE214EFD6D30015F359 /* FiveHundredPxOAuthEngine.m */ = {isa = PBXFileReference; fileEncoding = 4; lastKnownFileType = sourcecode.c.objc; path = FiveHundredPxOAuthEngine.m; sourceTree = "<group>"; };
		50774A02150C02E700B81672 /* Constants.h */ = {isa = PBXFileReference; fileEncoding = 4; lastKnownFileType = sourcecode.c.h; name = Constants.h; path = "500px Aperture Uploader/Constants.h"; sourceTree = "<group>"; };
		50774A05150C040D00B81672 /* FiveHundredPxViewController.h */ = {isa = PBXFileReference; fileEncoding = 4; lastKnownFileType = sourcecode.c.h; path = FiveHundredPxViewController.h; sourceTree = "<group>"; };
		50774A06150C040D00B81672 /* FiveHundredPxViewController.m */ = {isa = PBXFileReference; fileEncoding = 4; lastKnownFileType = sourcecode.c.objc; path = FiveHundredPxViewController.m; sourceTree = "<group>"; };
		508014E8150B6B3400B2457E /* FiveHundredpxApertureExporter.icns */ = {isa = PBXFileReference; lastKnownFileType = image.icns; name = FiveHundredpxApertureExporter.icns; path = Graphics/FiveHundredpxApertureExporter.icns; sourceTree = SOURCE_ROOT; };
		508014EF150B708700B2457E /* 32-Bit Dummy.bundle */ = {isa = PBXFileReference; explicitFileType = wrapper.cfbundle; includeInIndex = 0; path = "32-Bit Dummy.bundle"; sourceTree = BUILT_PRODUCTS_DIR; };
		508014FB150B710100B2457E /* FiveHundredPx32BitDummyExporter.h */ = {isa = PBXFileReference; fileEncoding = 4; lastKnownFileType = sourcecode.c.h; name = FiveHundredPx32BitDummyExporter.h; path = "500px Aperture Uploader/FiveHundredPx32BitDummyExporter.h"; sourceTree = SOURCE_ROOT; };
		508014FC150B710100B2457E /* FiveHundredPx32BitDummyExporter.m */ = {isa = PBXFileReference; fileEncoding = 4; lastKnownFileType = sourcecode.c.objc; name = FiveHundredPx32BitDummyExporter.m; path = "500px Aperture Uploader/FiveHundredPx32BitDummyExporter.m"; sourceTree = SOURCE_ROOT; };
		5089C33E150AC40D002CA4A1 /* en */ = {isa = PBXFileReference; lastKnownFileType = text.plist.strings; name = en; path = en.lproj/Localizable.strings; sourceTree = "<group>"; };
		5089C341150AC87A002CA4A1 /* PluginManager.framework */ = {isa = PBXFileReference; lastKnownFileType = wrapper.framework; name = PluginManager.framework; path = ../../../../../Library/Frameworks/PluginManager.framework; sourceTree = "<group>"; };
		50AAF3A114EEC0F8009F3BFE /* 500px Aperture Uploader.ApertureExport */ = {isa = PBXFileReference; explicitFileType = wrapper.cfbundle; includeInIndex = 0; path = "500px Aperture Uploader.ApertureExport"; sourceTree = BUILT_PRODUCTS_DIR; };
		50AAF3A414EEC0F8009F3BFE /* Cocoa.framework */ = {isa = PBXFileReference; lastKnownFileType = wrapper.framework; name = Cocoa.framework; path = System/Library/Frameworks/Cocoa.framework; sourceTree = SDKROOT; };
		50AAF3A714EEC0F8009F3BFE /* AppKit.framework */ = {isa = PBXFileReference; lastKnownFileType = wrapper.framework; name = AppKit.framework; path = System/Library/Frameworks/AppKit.framework; sourceTree = SDKROOT; };
		50AAF3A814EEC0F8009F3BFE /* CoreData.framework */ = {isa = PBXFileReference; lastKnownFileType = wrapper.framework; name = CoreData.framework; path = System/Library/Frameworks/CoreData.framework; sourceTree = SDKROOT; };
		50AAF3A914EEC0F8009F3BFE /* Foundation.framework */ = {isa = PBXFileReference; lastKnownFileType = wrapper.framework; name = Foundation.framework; path = System/Library/Frameworks/Foundation.framework; sourceTree = SDKROOT; };
		50AAF3AC14EEC0F8009F3BFE /* 500px Aperture Uploader-Info.plist */ = {isa = PBXFileReference; lastKnownFileType = text.plist.xml; path = "500px Aperture Uploader-Info.plist"; sourceTree = "<group>"; };
		50AAF3AE14EEC0F8009F3BFE /* en */ = {isa = PBXFileReference; lastKnownFileType = text.plist.strings; name = en; path = en.lproj/InfoPlist.strings; sourceTree = "<group>"; };
		50AAF3B014EEC0F8009F3BFE /* 500px Aperture Uploader-Prefix.pch */ = {isa = PBXFileReference; lastKnownFileType = sourcecode.c.h; path = "500px Aperture Uploader-Prefix.pch"; sourceTree = "<group>"; };
		50AAF3BC14EEC1B0009F3BFE /* FiveHundredPxApertureExporter.h */ = {isa = PBXFileReference; fileEncoding = 4; lastKnownFileType = sourcecode.c.h; path = FiveHundredPxApertureExporter.h; sourceTree = "<group>"; };
		50AAF3BD14EEC1B0009F3BFE /* FiveHundredPxApertureExporter.m */ = {isa = PBXFileReference; fileEncoding = 4; lastKnownFileType = sourcecode.c.objc; path = FiveHundredPxApertureExporter.m; sourceTree = "<group>"; };
		50AAF3C214EEC3F1009F3BFE /* ApertureExportManager.h */ = {isa = PBXFileReference; lastKnownFileType = sourcecode.c.h; path = ApertureExportManager.h; sourceTree = "<group>"; };
		50AAF3C314EEC3F1009F3BFE /* ApertureExportPlugIn.h */ = {isa = PBXFileReference; lastKnownFileType = sourcecode.c.h; path = ApertureExportPlugIn.h; sourceTree = "<group>"; };
		50CD016614F0733B004C2B5B /* OAuthKeys.c */ = {isa = PBXFileReference; fileEncoding = 4; lastKnownFileType = sourcecode.c.c; path = OAuthKeys.c; sourceTree = "<group>"; };
		50E7F9BA14F414DF00E666D8 /* en */ = {isa = PBXFileReference; lastKnownFileType = text.rtf; name = en; path = en.lproj/Credits.rtf; sourceTree = "<group>"; };
		50E7FA3614F42E0700E666D8 /* DKBasicUpdateChecker.h */ = {isa = PBXFileReference; fileEncoding = 4; lastKnownFileType = sourcecode.c.h; path = DKBasicUpdateChecker.h; sourceTree = "<group>"; };
		50E7FA3714F42E0700E666D8 /* DKBasicUpdateChecker.m */ = {isa = PBXFileReference; fileEncoding = 4; lastKnownFileType = sourcecode.c.objc; path = DKBasicUpdateChecker.m; sourceTree = "<group>"; };
		5EDED56314F1CCAB0066D555 /* Growl.framework */ = {isa = PBXFileReference; lastKnownFileType = wrapper.framework; path = Growl.framework; sourceTree = "<group>"; };
/* End PBXFileReference section */

/* Begin PBXFrameworksBuildPhase section */
		508014EC150B708700B2457E /* Frameworks */ = {
			isa = PBXFrameworksBuildPhase;
			buildActionMask = 2147483647;
			files = (
				508014F0150B708700B2457E /* Cocoa.framework in Frameworks */,
			);
			runOnlyForDeploymentPostprocessing = 0;
		};
		50AAF39E14EEC0F8009F3BFE /* Frameworks */ = {
			isa = PBXFrameworksBuildPhase;
			buildActionMask = 2147483647;
			files = (
				501EC01114F05E7F0046D0A9 /* Quartz.framework in Frameworks */,
				5044FEE014EFD4970015F359 /* SystemConfiguration.framework in Frameworks */,
				5044FEDE14EFD4910015F359 /* Security.framework in Frameworks */,
				50AAF3A514EEC0F8009F3BFE /* Cocoa.framework in Frameworks */,
				5EDED56414F1CCAB0066D555 /* Growl.framework in Frameworks */,
				5089C342150AC87A002CA4A1 /* PluginManager.framework in Frameworks */,
			);
			runOnlyForDeploymentPostprocessing = 0;
		};
/* End PBXFrameworksBuildPhase section */

/* Begin PBXGroup section */
		503FCF8E150D0878005D93AC /* Logging */ = {
			isa = PBXGroup;
			children = (
				503FCF95150D08C3005D93AC /* FiveHundredPxExportLogger.h */,
				503FCF96150D08C3005D93AC /* FiveHundredPxExportLogger.m */,
				503FCF8F150D088F005D93AC /* log_chunk.html */,
				503FCF91150D088F005D93AC /* log_template.html */,
			);
			name = Logging;
			sourceTree = "<group>";
		};
		5044FE7614EFD12B0015F359 /* External */ = {
			isa = PBXGroup;
			children = (
				50AAF3C214EEC3F1009F3BFE /* ApertureExportManager.h */,
				50AAF3C314EEC3F1009F3BFE /* ApertureExportPlugIn.h */,
				5044FE7714EFD1380015F359 /* TouchJSON */,
				5044FEBA14EFD3BD0015F359 /* RSOAuthEngine */,
				5044FEBE14EFD3C60015F359 /* MKNetworkKit */,
			);
			name = External;
			sourceTree = "<group>";
		};
		5044FE7714EFD1380015F359 /* TouchJSON */ = {
			isa = PBXGroup;
			children = (
				5044FE7814EFD1380015F359 /* CDataScanner.h */,
				5044FE7914EFD1380015F359 /* CDataScanner.m */,
				5044FE7A14EFD1380015F359 /* Experimental */,
				5044FE8114EFD1380015F359 /* Extensions */,
				5044FE8614EFD1380015F359 /* JSON */,
			);
			name = TouchJSON;
			path = TouchJSON/Source;
			sourceTree = SOURCE_ROOT;
		};
		5044FE7A14EFD1380015F359 /* Experimental */ = {
			isa = PBXGroup;
			children = (
				5044FE7B14EFD1380015F359 /* CFilteringJSONSerializer.h */,
				5044FE7C14EFD1380015F359 /* CFilteringJSONSerializer.m */,
				5044FE7D14EFD1380015F359 /* CJSONSerialization.h */,
				5044FE7E14EFD1380015F359 /* CJSONSerialization.m */,
				5044FE7F14EFD1380015F359 /* CJSONSerializedData.h */,
				5044FE8014EFD1380015F359 /* CJSONSerializedData.m */,
			);
			path = Experimental;
			sourceTree = "<group>";
		};
		5044FE8114EFD1380015F359 /* Extensions */ = {
			isa = PBXGroup;
			children = (
				5044FE8214EFD1380015F359 /* CDataScanner_Extensions.h */,
				5044FE8314EFD1380015F359 /* CDataScanner_Extensions.m */,
				5044FE8414EFD1380015F359 /* NSDictionary_JSONExtensions.h */,
				5044FE8514EFD1380015F359 /* NSDictionary_JSONExtensions.m */,
			);
			path = Extensions;
			sourceTree = "<group>";
		};
		5044FE8614EFD1380015F359 /* JSON */ = {
			isa = PBXGroup;
			children = (
				5044FE8714EFD1380015F359 /* CJSONDeserializer.h */,
				5044FE8814EFD1380015F359 /* CJSONDeserializer.m */,
				5044FE8914EFD1380015F359 /* CJSONScanner.h */,
				5044FE8A14EFD1380015F359 /* CJSONScanner.m */,
				5044FE8B14EFD1380015F359 /* CJSONSerializer.h */,
				5044FE8C14EFD1380015F359 /* CJSONSerializer.m */,
				5044FE8D14EFD1380015F359 /* JSONRepresentation.h */,
			);
			path = JSON;
			sourceTree = "<group>";
		};
		5044FEBA14EFD3BD0015F359 /* RSOAuthEngine */ = {
			isa = PBXGroup;
			children = (
				5044FEBB14EFD3BD0015F359 /* RSOAuthEngine.h */,
				5044FEBC14EFD3BD0015F359 /* RSOAuthEngine.m */,
			);
			name = RSOAuthEngine;
			path = RSOAuthEngine/RSOAuthEngine;
			sourceTree = SOURCE_ROOT;
		};
		5044FEBE14EFD3C60015F359 /* MKNetworkKit */ = {
			isa = PBXGroup;
			children = (
				5044FEBF14EFD3C60015F359 /* Categories */,
				5044FECC14EFD3C60015F359 /* MKNetworkEngine.h */,
				5044FECD14EFD3C60015F359 /* MKNetworkEngine.m */,
				5044FECE14EFD3C60015F359 /* MKNetworkKit.h */,
				5044FECF14EFD3C60015F359 /* MKNetworkOperation.h */,
				5044FED014EFD3C60015F359 /* MKNetworkOperation.m */,
				5044FED114EFD3C60015F359 /* Reachability */,
			);
			name = MKNetworkKit;
			path = RSOAuthEngine/MKNetworkKit/MKNetworkKit;
			sourceTree = SOURCE_ROOT;
		};
		5044FEBF14EFD3C60015F359 /* Categories */ = {
			isa = PBXGroup;
			children = (
				5044FEC014EFD3C60015F359 /* NSAlert+MKNetworkKitAdditions.h */,
				5044FEC114EFD3C60015F359 /* NSAlert+MKNetworkKitAdditions.m */,
				5044FEC214EFD3C60015F359 /* NSData+Base64.h */,
				5044FEC314EFD3C60015F359 /* NSData+Base64.m */,
				5044FEC414EFD3C60015F359 /* NSDate+RFC1123.h */,
				5044FEC514EFD3C60015F359 /* NSDate+RFC1123.m */,
				5044FEC614EFD3C60015F359 /* NSDictionary+RequestEncoding.h */,
				5044FEC714EFD3C60015F359 /* NSDictionary+RequestEncoding.m */,
				5044FEC814EFD3C60015F359 /* NSString+MKNetworkKitAdditions.h */,
				5044FEC914EFD3C60015F359 /* NSString+MKNetworkKitAdditions.m */,
				5044FECA14EFD3C60015F359 /* UIAlertView+MKNetworkKitAdditions.h */,
				5044FECB14EFD3C60015F359 /* UIAlertView+MKNetworkKitAdditions.m */,
			);
			path = Categories;
			sourceTree = "<group>";
		};
		5044FED114EFD3C60015F359 /* Reachability */ = {
			isa = PBXGroup;
			children = (
				5044FED214EFD3C60015F359 /* Reachability.h */,
				5044FED314EFD3C60015F359 /* Reachability.m */,
			);
			path = Reachability;
			sourceTree = "<group>";
		};
		50774A08150C041000B81672 /* View Controller */ = {
			isa = PBXGroup;
			children = (
				50774A05150C040D00B81672 /* FiveHundredPxViewController.h */,
				50774A06150C040D00B81672 /* FiveHundredPxViewController.m */,
				5044FE7214EFD0080015F359 /* FiveHundredPxViewController.xib */,
			);
			name = "View Controller";
			sourceTree = "<group>";
		};
		508014F1150B708700B2457E /* 32-Bit Dummy */ = {
			isa = PBXGroup;
			children = (
				508014FB150B710100B2457E /* FiveHundredPx32BitDummyExporter.h */,
				508014FC150B710100B2457E /* FiveHundredPx32BitDummyExporter.m */,
			);
			name = "32-Bit Dummy";
			path = "../32-Bit Dummy";
			sourceTree = "<group>";
		};
		50AAF39614EEC0F8009F3BFE = {
			isa = PBXGroup;
			children = (
				50774A02150C02E700B81672 /* Constants.h */,
				50CD016614F0733B004C2B5B /* OAuthKeys.c */,
				50AAF3AA14EEC0F8009F3BFE /* 500px Aperture Uploader */,
				50AAF3A314EEC0F8009F3BFE /* Frameworks */,
				50AAF3A214EEC0F8009F3BFE /* Products */,
			);
			sourceTree = "<group>";
		};
		50AAF3A214EEC0F8009F3BFE /* Products */ = {
			isa = PBXGroup;
			children = (
				50AAF3A114EEC0F8009F3BFE /* 500px Aperture Uploader.ApertureExport */,
				508014EF150B708700B2457E /* 32-Bit Dummy.bundle */,
			);
			name = Products;
			sourceTree = "<group>";
		};
		50AAF3A314EEC0F8009F3BFE /* Frameworks */ = {
			isa = PBXGroup;
			children = (
				5089C341150AC87A002CA4A1 /* PluginManager.framework */,
				5EDED56314F1CCAB0066D555 /* Growl.framework */,
				501EC01014F05E7F0046D0A9 /* Quartz.framework */,
				5044FEDF14EFD4970015F359 /* SystemConfiguration.framework */,
				5044FEDD14EFD4910015F359 /* Security.framework */,
				50AAF3A414EEC0F8009F3BFE /* Cocoa.framework */,
				50AAF3A614EEC0F8009F3BFE /* Other Frameworks */,
			);
			name = Frameworks;
			sourceTree = "<group>";
		};
		50AAF3A614EEC0F8009F3BFE /* Other Frameworks */ = {
			isa = PBXGroup;
			children = (
				50AAF3A714EEC0F8009F3BFE /* AppKit.framework */,
				50AAF3A814EEC0F8009F3BFE /* CoreData.framework */,
				50AAF3A914EEC0F8009F3BFE /* Foundation.framework */,
			);
			name = "Other Frameworks";
			sourceTree = "<group>";
		};
		50AAF3AA14EEC0F8009F3BFE /* 500px Aperture Uploader */ = {
			isa = PBXGroup;
			children = (
				50AAF3BC14EEC1B0009F3BFE /* FiveHundredPxApertureExporter.h */,
				50AAF3BD14EEC1B0009F3BFE /* FiveHundredPxApertureExporter.m */,
				501EC00D14F0572D0046D0A9 /* FiveHundredPxExtraMetadata.h */,
				501EC00E14F0572D0046D0A9 /* FiveHundredPxExtraMetadata.m */,
				5044FEE114EFD6D30015F359 /* FiveHundredPxOAuthEngine.h */,
				5044FEE214EFD6D30015F359 /* FiveHundredPxOAuthEngine.m */,
				50774A08150C041000B81672 /* View Controller */,
				50E7FA3414F42D9F00E666D8 /* Updater */,
				503FCF8E150D0878005D93AC /* Logging */,
				508014F1150B708700B2457E /* 32-Bit Dummy */,
				5044FE7614EFD12B0015F359 /* External */,
				50AAF3AB14EEC0F8009F3BFE /* Supporting Files */,
			);
			path = "500px Aperture Uploader";
			sourceTree = "<group>";
		};
		50AAF3AB14EEC0F8009F3BFE /* Supporting Files */ = {
			isa = PBXGroup;
			children = (
				503FCF8C150CFC05005D93AC /* Warning.icns */,
				508014E8150B6B3400B2457E /* FiveHundredpxApertureExporter.icns */,
				50AAF3AC14EEC0F8009F3BFE /* 500px Aperture Uploader-Info.plist */,
				50AAF3AD14EEC0F8009F3BFE /* InfoPlist.strings */,
				5089C33D150AC40D002CA4A1 /* Localizable.strings */,
				50AAF3B014EEC0F8009F3BFE /* 500px Aperture Uploader-Prefix.pch */,
				501EC00914F0555F0046D0A9 /* Categories.plist */,
				50E7F9B914F414DF00E666D8 /* Credits.rtf */,
			);
			name = "Supporting Files";
			sourceTree = "<group>";
		};
		50E7FA3414F42D9F00E666D8 /* Updater */ = {
			isa = PBXGroup;
			children = (
				50E7FA3614F42E0700E666D8 /* DKBasicUpdateChecker.h */,
				50E7FA3714F42E0700E666D8 /* DKBasicUpdateChecker.m */,
			);
			name = Updater;
			sourceTree = "<group>";
		};
/* End PBXGroup section */

/* Begin PBXNativeTarget section */
		508014EE150B708700B2457E /* 32-Bit Dummy */ = {
			isa = PBXNativeTarget;
			buildConfigurationList = 508014F8150B708700B2457E /* Build configuration list for PBXNativeTarget "32-Bit Dummy" */;
			buildPhases = (
				508014EB150B708700B2457E /* Sources */,
				508014EC150B708700B2457E /* Frameworks */,
				508014ED150B708700B2457E /* Resources */,
			);
			buildRules = (
			);
			dependencies = (
			);
			name = "32-Bit Dummy";
			productName = "32-Bit Dummy";
			productReference = 508014EF150B708700B2457E /* 32-Bit Dummy.bundle */;
			productType = "com.apple.product-type.bundle";
		};
		50AAF3A014EEC0F8009F3BFE /* 500px Aperture Uploader */ = {
			isa = PBXNativeTarget;
			buildConfigurationList = 50AAF3B314EEC0F8009F3BFE /* Build configuration list for PBXNativeTarget "500px Aperture Uploader" */;
			buildPhases = (
				50AAF39F14EEC0F8009F3BFE /* Resources */,
				5EDED56514F1CCB30066D555 /* CopyFiles */,
				50AAF39D14EEC0F8009F3BFE /* Sources */,
				50AAF39E14EEC0F8009F3BFE /* Frameworks */,
				5EDED56F14F1D8CA0066D555 /* Run Script (Correct Growl install_name) */,
				50E7F9DD14F41F0000E666D8 /* Run Script (Generate CFBundleVersion) */,
				50801500150B74EB00B2457E /* Run Script (Lipo in 32-bit dummy) */,
			);
			buildRules = (
			);
			dependencies = (
				508014FF150B743A00B2457E /* PBXTargetDependency */,
			);
			name = "500px Aperture Uploader";
			productName = "500px Aperture Uploader";
			productReference = 50AAF3A114EEC0F8009F3BFE /* 500px Aperture Uploader.ApertureExport */;
			productType = "com.apple.product-type.bundle";
		};
/* End PBXNativeTarget section */

/* Begin PBXProject section */
		50AAF39814EEC0F8009F3BFE /* Project object */ = {
			isa = PBXProject;
			attributes = {
				LastUpgradeCheck = 0430;
				ORGANIZATIONNAME = "Daniel Kennett";
			};
			buildConfigurationList = 50AAF39B14EEC0F8009F3BFE /* Build configuration list for PBXProject "500px Aperture Uploader" */;
			compatibilityVersion = "Xcode 3.2";
			developmentRegion = English;
			hasScannedForEncodings = 0;
			knownRegions = (
				en,
			);
			mainGroup = 50AAF39614EEC0F8009F3BFE;
			productRefGroup = 50AAF3A214EEC0F8009F3BFE /* Products */;
			projectDirPath = "";
			projectRoot = "";
			targets = (
				50AAF3A014EEC0F8009F3BFE /* 500px Aperture Uploader */,
				508014EE150B708700B2457E /* 32-Bit Dummy */,
			);
		};
/* End PBXProject section */

/* Begin PBXResourcesBuildPhase section */
		508014ED150B708700B2457E /* Resources */ = {
			isa = PBXResourcesBuildPhase;
			buildActionMask = 2147483647;
			files = (
			);
			runOnlyForDeploymentPostprocessing = 0;
		};
		50AAF39F14EEC0F8009F3BFE /* Resources */ = {
			isa = PBXResourcesBuildPhase;
			buildActionMask = 2147483647;
			files = (
				50AAF3AF14EEC0F8009F3BFE /* InfoPlist.strings in Resources */,
				5044FE7414EFD0080015F359 /* FiveHundredPxViewController.xib in Resources */,
				501EC00B14F0555F0046D0A9 /* Categories.plist in Resources */,
				50E7F9BB14F414DF00E666D8 /* Credits.rtf in Resources */,
				5089C33F150AC40D002CA4A1 /* Localizable.strings in Resources */,
				508014E9150B6B3400B2457E /* FiveHundredpxApertureExporter.icns in Resources */,
				503FCF8D150CFC05005D93AC /* Warning.icns in Resources */,
				503FCF93150D088F005D93AC /* log_chunk.html in Resources */,
				503FCF94150D088F005D93AC /* log_template.html in Resources */,
			);
			runOnlyForDeploymentPostprocessing = 0;
		};
/* End PBXResourcesBuildPhase section */

/* Begin PBXShellScriptBuildPhase section */
		50801500150B74EB00B2457E /* Run Script (Lipo in 32-bit dummy) */ = {
			isa = PBXShellScriptBuildPhase;
			buildActionMask = 2147483647;
			files = (
			);
			inputPaths = (
			);
			name = "Run Script (Lipo in 32-bit dummy)";
			outputPaths = (
			);
			runOnlyForDeploymentPostprocessing = 0;
			shellPath = /bin/bash;
			shellScript = "hasi386=`lipo -info \"${BUILT_PRODUCTS_DIR}/${EXECUTABLE_PATH}\" | grep \"i386\"`\n\nif [ -z $hasi386 ]; then\n    echo \"Doesn't have i386\"\n    lipo \"${BUILT_PRODUCTS_DIR}/${EXECUTABLE_PATH}\" \"${BUILT_PRODUCTS_DIR}/32-Bit Dummy.bundle/Contents/MacOS/32-Bit Dummy\" -create -output \"${BUILT_PRODUCTS_DIR}/${EXECUTABLE_PATH}\"\nfi";
		};
		50E7F9DD14F41F0000E666D8 /* Run Script (Generate CFBundleVersion) */ = {
			isa = PBXShellScriptBuildPhase;
			buildActionMask = 2147483647;
			files = (
			);
			inputPaths = (
			);
			name = "Run Script (Generate CFBundleVersion)";
			outputPaths = (
			);
			runOnlyForDeploymentPostprocessing = 0;
			shellPath = /usr/bin/perl;
			shellScript = "#Check if we're versioned under hg\nmy $revno = `git log --pretty=format:'' | wc -l`;\n\nif ($revno && $revno !~ m/fatal/i) {\n    \n    #get the revno minus the new line\n    $revno =~ tr/+//d;\n    substr($revno, -1, 1, \"\");\n\t$revno =~ s/^\\s+//;\n\t$revno =~ s/\\s+$//;\n    \n\tprint(\"Revision number is \" . $revno);\n    \n    #open the info plist\n    open(my $input,  \"<\",  \"$ENV{BUILT_PRODUCTS_DIR}/$ENV{INFOPLIST_PATH}\")  or die \"Can't open Info.plist: $!\";\n    my $outputstring = \"\";\n    \n    #loop through each line until we find CFBundleVersion, then substitute the next line\n    while (+<$input>) {\n        $outputstring .= \"$_\";\n        if (/[\\t ]+<key>CFBundleVersion<\\/key>\\n/) {\n            my $line = +<$input>;\n            $line =~ s/([\\t ]+<string>)(.*?)(<\\/string>)/$1.($revno).$3/eg;\n            $outputstring .= $line;\n        }\n    }\n    \n    #write back out to Info.plist\n    open(my $output,  \">\",  \"$ENV{BUILT_PRODUCTS_DIR}/$ENV{INFOPLIST_PATH}\")  or die \"Can't open Info.plist: $!\";\n    print $output $outputstring;\n} else {\n    print \"This project is not versioned\";\n}";
		};
		5EDED56F14F1D8CA0066D555 /* Run Script (Correct Growl install_name) */ = {
			isa = PBXShellScriptBuildPhase;
			buildActionMask = 2147483647;
			files = (
			);
			inputPaths = (
			);
			name = "Run Script (Correct Growl install_name)";
			outputPaths = (
			);
			runOnlyForDeploymentPostprocessing = 0;
			shellPath = /bin/sh;
			shellScript = "install_name_tool -change \"@executable_path/../Frameworks/Growl.framework/Versions/A/Growl\" \"@loader_path/../Frameworks/Growl.framework/Versions/A/Growl\" \"$BUILT_PRODUCTS_DIR/$EXECUTABLE_PATH\"\n\ninstall_name_tool -id \"@loader_path/../Frameworks/Growl.framework/Versions/A/Growl\" \"$BUILT_PRODUCTS_DIR/$FULL_PRODUCT_NAME/Contents/Frameworks/Growl.framework/Growl\"";
			showEnvVarsInLog = 0;
		};
/* End PBXShellScriptBuildPhase section */

/* Begin PBXSourcesBuildPhase section */
		508014EB150B708700B2457E /* Sources */ = {
			isa = PBXSourcesBuildPhase;
			buildActionMask = 2147483647;
			files = (
				508014FD150B710100B2457E /* FiveHundredPx32BitDummyExporter.m in Sources */,
			);
			runOnlyForDeploymentPostprocessing = 0;
		};
		50AAF39D14EEC0F8009F3BFE /* Sources */ = {
			isa = PBXSourcesBuildPhase;
			buildActionMask = 2147483647;
			files = (
				50AAF3BE14EEC1B0009F3BFE /* FiveHundredPxApertureExporter.m in Sources */,
				5044FE8E14EFD1380015F359 /* CDataScanner.m in Sources */,
				5044FE8F14EFD1380015F359 /* CFilteringJSONSerializer.m in Sources */,
				5044FE9014EFD1380015F359 /* CJSONSerialization.m in Sources */,
				5044FE9114EFD1380015F359 /* CJSONSerializedData.m in Sources */,
				5044FE9214EFD1380015F359 /* CDataScanner_Extensions.m in Sources */,
				5044FE9314EFD1380015F359 /* NSDictionary_JSONExtensions.m in Sources */,
				5044FE9414EFD1380015F359 /* CJSONDeserializer.m in Sources */,
				5044FE9514EFD1380015F359 /* CJSONScanner.m in Sources */,
				5044FE9614EFD1380015F359 /* CJSONSerializer.m in Sources */,
				5044FEBD14EFD3BD0015F359 /* RSOAuthEngine.m in Sources */,
				5044FED414EFD3C60015F359 /* NSAlert+MKNetworkKitAdditions.m in Sources */,
				5044FED514EFD3C60015F359 /* NSData+Base64.m in Sources */,
				5044FED614EFD3C60015F359 /* NSDate+RFC1123.m in Sources */,
				5044FED714EFD3C60015F359 /* NSDictionary+RequestEncoding.m in Sources */,
				5044FED814EFD3C60015F359 /* NSString+MKNetworkKitAdditions.m in Sources */,
				5044FED914EFD3C60015F359 /* UIAlertView+MKNetworkKitAdditions.m in Sources */,
				5044FEDA14EFD3C60015F359 /* MKNetworkEngine.m in Sources */,
				5044FEDB14EFD3C60015F359 /* MKNetworkOperation.m in Sources */,
				5044FEDC14EFD3C60015F359 /* Reachability.m in Sources */,
				5044FEE314EFD6D30015F359 /* FiveHundredPxOAuthEngine.m in Sources */,
				501EC00F14F0572D0046D0A9 /* FiveHundredPxExtraMetadata.m in Sources */,
				50CD016714F0733B004C2B5B /* OAuthKeys.c in Sources */,
				50E7FA3814F42E0700E666D8 /* DKBasicUpdateChecker.m in Sources */,
				50774A07150C040D00B81672 /* FiveHundredPxViewController.m in Sources */,
				503FCF97150D08C3005D93AC /* FiveHundredPxExportLogger.m in Sources */,
			);
			runOnlyForDeploymentPostprocessing = 0;
		};
/* End PBXSourcesBuildPhase section */

/* Begin PBXTargetDependency section */
		508014FF150B743A00B2457E /* PBXTargetDependency */ = {
			isa = PBXTargetDependency;
			target = 508014EE150B708700B2457E /* 32-Bit Dummy */;
			targetProxy = 508014FE150B743A00B2457E /* PBXContainerItemProxy */;
		};
/* End PBXTargetDependency section */

/* Begin PBXVariantGroup section */
		501EC00914F0555F0046D0A9 /* Categories.plist */ = {
			isa = PBXVariantGroup;
			children = (
				501EC00A14F0555F0046D0A9 /* en */,
			);
			name = Categories.plist;
			sourceTree = "<group>";
		};
		503FCF8F150D088F005D93AC /* log_chunk.html */ = {
			isa = PBXVariantGroup;
			children = (
				503FCF90150D088F005D93AC /* en */,
			);
			name = log_chunk.html;
			sourceTree = "<group>";
		};
		503FCF91150D088F005D93AC /* log_template.html */ = {
			isa = PBXVariantGroup;
			children = (
				503FCF92150D088F005D93AC /* en */,
			);
			name = log_template.html;
			sourceTree = "<group>";
		};
		5044FE7214EFD0080015F359 /* FiveHundredPxViewController.xib */ = {
			isa = PBXVariantGroup;
			children = (
				5044FE7314EFD0080015F359 /* en */,
			);
			name = FiveHundredPxViewController.xib;
			sourceTree = "<group>";
		};
		5089C33D150AC40D002CA4A1 /* Localizable.strings */ = {
			isa = PBXVariantGroup;
			children = (
				5089C33E150AC40D002CA4A1 /* en */,
			);
			name = Localizable.strings;
			sourceTree = "<group>";
		};
		50AAF3AD14EEC0F8009F3BFE /* InfoPlist.strings */ = {
			isa = PBXVariantGroup;
			children = (
				50AAF3AE14EEC0F8009F3BFE /* en */,
			);
			name = InfoPlist.strings;
			sourceTree = "<group>";
		};
		50E7F9B914F414DF00E666D8 /* Credits.rtf */ = {
			isa = PBXVariantGroup;
			children = (
				50E7F9BA14F414DF00E666D8 /* en */,
			);
			name = Credits.rtf;
			sourceTree = "<group>";
		};
/* End PBXVariantGroup section */

/* Begin XCBuildConfiguration section */
		508014F9150B708700B2457E /* Debug */ = {
			isa = XCBuildConfiguration;
			buildSettings = {
				ARCHS = "$(ARCHS_STANDARD_32_BIT)";
				CLANG_ENABLE_OBJC_ARC = NO;
				GCC_PRECOMPILE_PREFIX_HEADER = NO;
				INSTALL_PATH = "$(LOCAL_LIBRARY_DIR)/Bundles";
				MACOSX_DEPLOYMENT_TARGET = 10.7;
				PRODUCT_NAME = "$(TARGET_NAME)";
				SDKROOT = macosx10.7;
				WRAPPER_EXTENSION = bundle;
			};
			name = Debug;
		};
		508014FA150B708700B2457E /* Release */ = {
			isa = XCBuildConfiguration;
			buildSettings = {
				ARCHS = "$(ARCHS_STANDARD_32_BIT)";
				CLANG_ENABLE_OBJC_ARC = NO;
				GCC_PRECOMPILE_PREFIX_HEADER = NO;
				INSTALL_PATH = "$(LOCAL_LIBRARY_DIR)/Bundles";
				MACOSX_DEPLOYMENT_TARGET = 10.7;
				PRODUCT_NAME = "$(TARGET_NAME)";
				SDKROOT = macosx10.7;
				WRAPPER_EXTENSION = bundle;
			};
			name = Release;
		};
		50AAF3B114EEC0F8009F3BFE /* Debug */ = {
			isa = XCBuildConfiguration;
			buildSettings = {
				ALWAYS_SEARCH_USER_PATHS = NO;
				ARCHS = "$(ARCHS_STANDARD_64_BIT)";
				CLANG_ENABLE_OBJC_ARC = YES;
				COPY_PHASE_STRIP = NO;
				GCC_C_LANGUAGE_STANDARD = gnu99;
				GCC_DYNAMIC_NO_PIC = NO;
				GCC_ENABLE_OBJC_EXCEPTIONS = YES;
				GCC_OPTIMIZATION_LEVEL = 0;
				GCC_PREPROCESSOR_DEFINITIONS = (
					"DEBUG=1",
					"$(inherited)",
				);
				GCC_SYMBOLS_PRIVATE_EXTERN = NO;
				GCC_VERSION = com.apple.compilers.llvm.clang.1_0;
				GCC_WARN_64_TO_32_BIT_CONVERSION = YES;
				GCC_WARN_ABOUT_RETURN_TYPE = YES;
				GCC_WARN_UNINITIALIZED_AUTOS = YES;
				GCC_WARN_UNUSED_VARIABLE = YES;
				MACOSX_DEPLOYMENT_TARGET = 10.7;
				ONLY_ACTIVE_ARCH = YES;
				SDKROOT = macosx10.7;
			};
			name = Debug;
		};
		50AAF3B214EEC0F8009F3BFE /* Release */ = {
			isa = XCBuildConfiguration;
			buildSettings = {
				ALWAYS_SEARCH_USER_PATHS = NO;
				ARCHS = "$(ARCHS_STANDARD_64_BIT)";
				CLANG_ENABLE_OBJC_ARC = YES;
				COPY_PHASE_STRIP = YES;
				DEBUG_INFORMATION_FORMAT = "dwarf-with-dsym";
				GCC_C_LANGUAGE_STANDARD = gnu99;
				GCC_ENABLE_OBJC_EXCEPTIONS = YES;
				GCC_VERSION = com.apple.compilers.llvm.clang.1_0;
				GCC_WARN_64_TO_32_BIT_CONVERSION = YES;
				GCC_WARN_ABOUT_RETURN_TYPE = YES;
				GCC_WARN_UNINITIALIZED_AUTOS = YES;
				GCC_WARN_UNUSED_VARIABLE = YES;
				MACOSX_DEPLOYMENT_TARGET = 10.7;
				SDKROOT = macosx10.7;
			};
			name = Release;
		};
		50AAF3B414EEC0F8009F3BFE /* Debug */ = {
			isa = XCBuildConfiguration;
			buildSettings = {
				FRAMEWORK_SEARCH_PATHS = (
					"$(inherited)",
					"\"$(SRCROOT)\"",
				);
				GCC_PRECOMPILE_PREFIX_HEADER = YES;
				GCC_PREFIX_HEADER = "500px Aperture Uploader/500px Aperture Uploader-Prefix.pch";
				INFOPLIST_FILE = "500px Aperture Uploader/500px Aperture Uploader-Info.plist";
				OTHER_CFLAGS = "-DDEBUG=1";
				OTHER_LDFLAGS = (
					"-framework",
					Growl,
				);
				PRODUCT_NAME = "$(TARGET_NAME)";
				WRAPPER_EXTENSION = ApertureExport;
			};
			name = Debug;
		};
		50AAF3B514EEC0F8009F3BFE /* Release */ = {
			isa = XCBuildConfiguration;
			buildSettings = {
				FRAMEWORK_SEARCH_PATHS = (
					"$(inherited)",
					"\"$(SRCROOT)\"",
				);
				GCC_PRECOMPILE_PREFIX_HEADER = YES;
				GCC_PREFIX_HEADER = "500px Aperture Uploader/500px Aperture Uploader-Prefix.pch";
				INFOPLIST_FILE = "500px Aperture Uploader/500px Aperture Uploader-Info.plist";
				OTHER_LDFLAGS = (
					"-framework",
					Growl,
				);
				PRODUCT_NAME = "$(TARGET_NAME)";
				WRAPPER_EXTENSION = ApertureExport;
			};
			name = Release;
		};
/* End XCBuildConfiguration section */

/* Begin XCConfigurationList section */
		508014F8150B708700B2457E /* Build configuration list for PBXNativeTarget "32-Bit Dummy" */ = {
			isa = XCConfigurationList;
			buildConfigurations = (
				508014F9150B708700B2457E /* Debug */,
				508014FA150B708700B2457E /* Release */,
			);
			defaultConfigurationIsVisible = 0;
			defaultConfigurationName = Release;
		};
		50AAF39B14EEC0F8009F3BFE /* Build configuration list for PBXProject "500px Aperture Uploader" */ = {
			isa = XCConfigurationList;
			buildConfigurations = (
				50AAF3B114EEC0F8009F3BFE /* Debug */,
				50AAF3B214EEC0F8009F3BFE /* Release */,
			);
			defaultConfigurationIsVisible = 0;
			defaultConfigurationName = Release;
		};
		50AAF3B314EEC0F8009F3BFE /* Build configuration list for PBXNativeTarget "500px Aperture Uploader" */ = {
			isa = XCConfigurationList;
			buildConfigurations = (
				50AAF3B414EEC0F8009F3BFE /* Debug */,
				50AAF3B514EEC0F8009F3BFE /* Release */,
			);
			defaultConfigurationIsVisible = 0;
			defaultConfigurationName = Release;
		};
/* End XCConfigurationList section */
	};
	rootObject = 50AAF39814EEC0F8009F3BFE /* Project object */;
}
